
Microsoft Visual Studio Solution File, Format Version 12.00
# Visual Studio 15
VisualStudioVersion = 15.0.28010.2016
MinimumVisualStudioVersion = 10.0.40219.1
Project("{FAE04EC0-301F-11D3-BF4B-00C04F79EFBC}") = "DylanPoppiti_CSharp_Lab_Task_WPF", "DylanPoppiti_CSharp_Lab_Task_WPF\DylanPoppiti_CSharp_Lab_Task_WPF.csproj", "{E914210E-148D-41A6-9E27-80EDC7426AF2}"
EndProject
Global
	GlobalSection(SolutionConfigurationPlatforms) = preSolution
		Debug|Any CPU = Debug|Any CPU
		Release|Any CPU = Release|Any CPU
	EndGlobalSection
	GlobalSection(ProjectConfigurationPlatforms) = postSolution
		{E914210E-148D-41A6-9E27-80EDC7426AF2}.Debug|Any CPU.ActiveCfg = Debug|Any CPU
		{E914210E-148D-41A6-9E27-80EDC7426AF2}.Debug|Any CPU.Build.0 = Debug|Any CPU
		{E914210E-148D-41A6-9E27-80EDC7426AF2}.Release|Any CPU.ActiveCfg = Release|Any CPU
		{E914210E-148D-41A6-9E27-80EDC7426AF2}.Release|Any CPU.Build.0 = Release|Any CPU
	EndGlobalSection
	GlobalSection(SolutionProperties) = preSolution
		HideSolutionNode = FALSE
	EndGlobalSection
	GlobalSection(ExtensibilityGlobals) = postSolution
		SolutionGuid = {77F68096-5A5C-447F-82EF-DF8D7B2CACE6}
	EndGlobalSection
EndGlobal
