
Microsoft Visual Studio Solution File, Format Version 12.00
# Visual Studio 15
VisualStudioVersion = 15.0.28010.2016
MinimumVisualStudioVersion = 10.0.40219.1
Project("{FAE04EC0-301F-11D3-BF4B-00C04F79EFBC}") = "Dylan_Poppiti_CSharp_Lab_Array", "Dylan_Poppiti_CSharp_Lab_Array\Dylan_Poppiti_CSharp_Lab_Array.csproj", "{87EF643E-4101-4788-9014-E161DC2776E7}"
EndProject
Global
	GlobalSection(SolutionConfigurationPlatforms) = preSolution
		Debug|Any CPU = Debug|Any CPU
		Release|Any CPU = Release|Any CPU
	EndGlobalSection
	GlobalSection(ProjectConfigurationPlatforms) = postSolution
		{87EF643E-4101-4788-9014-E161DC2776E7}.Debug|Any CPU.ActiveCfg = Debug|Any CPU
		{87EF643E-4101-4788-9014-E161DC2776E7}.Debug|Any CPU.Build.0 = Debug|Any CPU
		{87EF643E-4101-4788-9014-E161DC2776E7}.Release|Any CPU.ActiveCfg = Release|Any CPU
		{87EF643E-4101-4788-9014-E161DC2776E7}.Release|Any CPU.Build.0 = Release|Any CPU
	EndGlobalSection
	GlobalSection(SolutionProperties) = preSolution
		HideSolutionNode = FALSE
	EndGlobalSection
	GlobalSection(ExtensibilityGlobals) = postSolution
		SolutionGuid = {F6C22E47-0030-47D2-BF37-07F25CBEDAD8}
	EndGlobalSection
EndGlobal
