
Microsoft Visual Studio Solution File, Format Version 12.00
# Visual Studio 15
VisualStudioVersion = 15.0.28010.2016
MinimumVisualStudioVersion = 10.0.40219.1
Project("{FAE04EC0-301F-11D3-BF4B-00C04F79EFBC}") = "DylanPoppiti_CSharp_Assignment5", "DylanPoppiti_CSharp_Assignment5\DylanPoppiti_CSharp_Assignment5.csproj", "{71A655AA-1709-4FF7-AB5C-E9405D1FAC82}"
EndProject
Global
	GlobalSection(SolutionConfigurationPlatforms) = preSolution
		Debug|Any CPU = Debug|Any CPU
		Release|Any CPU = Release|Any CPU
	EndGlobalSection
	GlobalSection(ProjectConfigurationPlatforms) = postSolution
		{71A655AA-1709-4FF7-AB5C-E9405D1FAC82}.Debug|Any CPU.ActiveCfg = Debug|Any CPU
		{71A655AA-1709-4FF7-AB5C-E9405D1FAC82}.Debug|Any CPU.Build.0 = Debug|Any CPU
		{71A655AA-1709-4FF7-AB5C-E9405D1FAC82}.Release|Any CPU.ActiveCfg = Release|Any CPU
		{71A655AA-1709-4FF7-AB5C-E9405D1FAC82}.Release|Any CPU.Build.0 = Release|Any CPU
	EndGlobalSection
	GlobalSection(SolutionProperties) = preSolution
		HideSolutionNode = FALSE
	EndGlobalSection
	GlobalSection(ExtensibilityGlobals) = postSolution
		SolutionGuid = {1CFAFD2D-E0E9-4806-887B-6FE21CB2804F}
	EndGlobalSection
EndGlobal
