
Microsoft Visual Studio Solution File, Format Version 12.00
# Visual Studio 15
VisualStudioVersion = 15.0.28010.2016
MinimumVisualStudioVersion = 10.0.40219.1
Project("{FAE04EC0-301F-11D3-BF4B-00C04F79EFBC}") = "DylanPoppiti_CSharp_WebServiceLab", "DylanPoppiti_CSharp_WebServiceLab\DylanPoppiti_CSharp_WebServiceLab.csproj", "{D0C2BFFD-0BBD-435A-B4E9-DA513EC6FD25}"
EndProject
Global
	GlobalSection(SolutionConfigurationPlatforms) = preSolution
		Debug|Any CPU = Debug|Any CPU
		Release|Any CPU = Release|Any CPU
	EndGlobalSection
	GlobalSection(ProjectConfigurationPlatforms) = postSolution
		{D0C2BFFD-0BBD-435A-B4E9-DA513EC6FD25}.Debug|Any CPU.ActiveCfg = Debug|Any CPU
		{D0C2BFFD-0BBD-435A-B4E9-DA513EC6FD25}.Debug|Any CPU.Build.0 = Debug|Any CPU
		{D0C2BFFD-0BBD-435A-B4E9-DA513EC6FD25}.Release|Any CPU.ActiveCfg = Release|Any CPU
		{D0C2BFFD-0BBD-435A-B4E9-DA513EC6FD25}.Release|Any CPU.Build.0 = Release|Any CPU
	EndGlobalSection
	GlobalSection(SolutionProperties) = preSolution
		HideSolutionNode = FALSE
	EndGlobalSection
	GlobalSection(ExtensibilityGlobals) = postSolution
		SolutionGuid = {E6018FA7-EC34-4111-90E7-04C8AAA88F61}
	EndGlobalSection
EndGlobal
